// !$*UTF8*$!
{
	archiveVersion = 1;
	classes = {
	};
	objectVersion = 46;
	objects = {

/* Begin PBXBuildFile section */
		DCB1FD301568AE570097AEE3 /* UIKit.framework in Frameworks */ = {isa = PBXBuildFile; fileRef = DCB1FD2F1568AE570097AEE3 /* UIKit.framework */; };
		DCB1FD321568AE570097AEE3 /* Foundation.framework in Frameworks */ = {isa = PBXBuildFile; fileRef = DCB1FD311568AE570097AEE3 /* Foundation.framework */; };
		DCB1FD341568AE570097AEE3 /* CoreGraphics.framework in Frameworks */ = {isa = PBXBuildFile; fileRef = DCB1FD331568AE570097AEE3 /* CoreGraphics.framework */; };
		DCB1FD3A1568AE580097AEE3 /* InfoPlist.strings in Resources */ = {isa = PBXBuildFile; fileRef = DCB1FD381568AE580097AEE3 /* InfoPlist.strings */; };
		DCB1FD3C1568AE580097AEE3 /* main.m in Sources */ = {isa = PBXBuildFile; fileRef = DCB1FD3B1568AE580097AEE3 /* main.m */; };
		DCB1FD401568AE580097AEE3 /* AppDelegate.m in Sources */ = {isa = PBXBuildFile; fileRef = DCB1FD3F1568AE580097AEE3 /* AppDelegate.m */; };
		DCB1FD431568AE580097AEE3 /* ViewController.m in Sources */ = {isa = PBXBuildFile; fileRef = DCB1FD421568AE580097AEE3 /* ViewController.m */; };
		DCB1FD461568AE580097AEE3 /* ViewController.xib in Resources */ = {isa = PBXBuildFile; fileRef = DCB1FD441568AE580097AEE3 /* ViewController.xib */; };
/* End PBXBuildFile section */

/* Begin PBXFileReference section */
		DCB1FD2B1568AE570097AEE3 /* RPIMobile.app */ = {isa = PBXFileReference; explicitFileType = wrapper.application; includeInIndex = 0; path = RPIMobile.app; sourceTree = BUILT_PRODUCTS_DIR; };
		DCB1FD2F1568AE570097AEE3 /* UIKit.framework */ = {isa = PBXFileReference; lastKnownFileType = wrapper.framework; name = UIKit.framework; path = System/Library/Frameworks/UIKit.framework; sourceTree = SDKROOT; };
		DCB1FD311568AE570097AEE3 /* Foundation.framework */ = {isa = PBXFileReference; lastKnownFileType = wrapper.framework; name = Foundation.framework; path = System/Library/Frameworks/Foundation.framework; sourceTree = SDKROOT; };
		DCB1FD331568AE570097AEE3 /* CoreGraphics.framework */ = {isa = PBXFileReference; lastKnownFileType = wrapper.framework; name = CoreGraphics.framework; path = System/Library/Frameworks/CoreGraphics.framework; sourceTree = SDKROOT; };
		DCB1FD371568AE580097AEE3 /* RPIMobile-Info.plist */ = {isa = PBXFileReference; path = "RPIMobile-Info.plist"; sourceTree = "<group>"; };
		DCB1FD391568AE580097AEE3 /* en */ = {isa = PBXFileReference; lastKnownFileType = text.plist.strings; name = en; path = en.lproj/InfoPlist.strings; sourceTree = "<group>"; };
		DCB1FD3B1568AE580097AEE3 /* main.m */ = {isa = PBXFileReference; lastKnownFileType = sourcecode.c.objc; path = main.m; sourceTree = "<group>"; };
		DCB1FD3D1568AE580097AEE3 /* RPIMobile-Prefix.pch */ = {isa = PBXFileReference; path = "RPIMobile-Prefix.pch"; sourceTree = "<group>"; };
		DCB1FD3E1568AE580097AEE3 /* AppDelegate.h */ = {isa = PBXFileReference; path = AppDelegate.h; sourceTree = "<group>"; };
		DCB1FD3F1568AE580097AEE3 /* AppDelegate.m */ = {isa = PBXFileReference; lastKnownFileType = sourcecode.c.objc; path = AppDelegate.m; sourceTree = "<group>"; };
		DCB1FD411568AE580097AEE3 /* ViewController.h */ = {isa = PBXFileReference; path = ViewController.h; sourceTree = "<group>"; };
		DCB1FD421568AE580097AEE3 /* ViewController.m */ = {isa = PBXFileReference; lastKnownFileType = sourcecode.c.objc; path = ViewController.m; sourceTree = "<group>"; };
		DCB1FD451568AE580097AEE3 /* en */ = {isa = PBXFileReference; lastKnownFileType = file.xib; name = en; path = en.lproj/ViewController.xib; sourceTree = "<group>"; };
/* End PBXFileReference section */

/* Begin PBXFrameworksBuildPhase section */
		DCB1FD281568AE570097AEE3 /* Frameworks */ = {
			isa = PBXFrameworksBuildPhase;
			buildActionMask = 2147483647;
			files = (
				DCB1FD301568AE570097AEE3 /* UIKit.framework in Frameworks */,
				DCB1FD321568AE570097AEE3 /* Foundation.framework in Frameworks */,
				DCB1FD341568AE570097AEE3 /* CoreGraphics.framework in Frameworks */,
			);
			runOnlyForDeploymentPostprocessing = 0;
		};
/* End PBXFrameworksBuildPhase section */

/* Begin PBXGroup section */
		DCB1FD201568AE560097AEE3 = {
			isa = PBXGroup;
			children = (
				DCB1FD351568AE570097AEE3 /* RPIMobile */,
				DCB1FD2E1568AE570097AEE3 /* Frameworks */,
				DCB1FD2C1568AE570097AEE3 /* Products */,
			);
			sourceTree = "<group>";
		};
		DCB1FD2C1568AE570097AEE3 /* Products */ = {
			isa = PBXGroup;
			children = (
				DCB1FD2B1568AE570097AEE3 /* RPIMobile.app */,
			);
			name = Products;
			sourceTree = "<group>";
		};
		DCB1FD2E1568AE570097AEE3 /* Frameworks */ = {
			isa = PBXGroup;
			children = (
				DCB1FD2F1568AE570097AEE3 /* UIKit.framework */,
				DCB1FD311568AE570097AEE3 /* Foundation.framework */,
				DCB1FD331568AE570097AEE3 /* CoreGraphics.framework */,
			);
			name = Frameworks;
			sourceTree = "<group>";
		};
		DCB1FD351568AE570097AEE3 /* RPIMobile */ = {
			isa = PBXGroup;
			children = (
				DCB1FD3E1568AE580097AEE3 /* AppDelegate.h */,
				DCB1FD3F1568AE580097AEE3 /* AppDelegate.m */,
				DCB1FD411568AE580097AEE3 /* ViewController.h */,
				DCB1FD421568AE580097AEE3 /* ViewController.m */,
				DCB1FD441568AE580097AEE3 /* ViewController.xib */,
				DCB1FD361568AE580097AEE3 /* Supporting Files */,
			);
			path = RPIMobile;
			sourceTree = "<group>";
		};
		DCB1FD361568AE580097AEE3 /* Supporting Files */ = {
			isa = PBXGroup;
			children = (
				DCB1FD371568AE580097AEE3 /* RPIMobile-Info.plist */,
				DCB1FD381568AE580097AEE3 /* InfoPlist.strings */,
				DCB1FD3B1568AE580097AEE3 /* main.m */,
				DCB1FD3D1568AE580097AEE3 /* RPIMobile-Prefix.pch */,
			);
			name = "Supporting Files";
			sourceTree = "<group>";
		};
/* End PBXGroup section */

/* Begin PBXNativeTarget section */
		DCB1FD2A1568AE570097AEE3 /* RPIMobile */ = {
			isa = PBXNativeTarget;
			buildConfigurationList = DCB1FD491568AE580097AEE3 /* Build configuration list for PBXNativeTarget "RPIMobile" */;
			buildPhases = (
				DCB1FD271568AE570097AEE3 /* Sources */,
				DCB1FD281568AE570097AEE3 /* Frameworks */,
				DCB1FD291568AE570097AEE3 /* Resources */,
			);
			buildRules = (
			);
			dependencies = (
			);
			name = RPIMobile;
			productName = RPIMobile;
			productReference = DCB1FD2B1568AE570097AEE3 /* RPIMobile.app */;
			productType = "com.apple.product-type.application";
		};
/* End PBXNativeTarget section */

/* Begin PBXProject section */
		DCB1FD221568AE560097AEE3 /* Project object */ = {
			isa = PBXProject;
			attributes = {
				LastUpgradeCheck = 0420;
				ORGANIZATIONNAME = "Rensselaer Polytechnic Institute";
			};
			buildConfigurationList = DCB1FD251568AE560097AEE3 /* Build configuration list for PBXProject "RPIMobile" */;
			compatibilityVersion = "Xcode 3.2";
			developmentRegion = English;
			hasScannedForEncodings = 0;
			knownRegions = (
				en,
			);
			mainGroup = DCB1FD201568AE560097AEE3;
			productRefGroup = DCB1FD2C1568AE570097AEE3 /* Products */;
			projectDirPath = "";
			projectRoot = "";
			targets = (
				DCB1FD2A1568AE570097AEE3 /* RPIMobile */,
			);
		};
/* End PBXProject section */

/* Begin PBXResourcesBuildPhase section */
		DCB1FD291568AE570097AEE3 /* Resources */ = {
			isa = PBXResourcesBuildPhase;
			buildActionMask = 2147483647;
			files = (
				DCB1FD3A1568AE580097AEE3 /* InfoPlist.strings in Resources */,
				DCB1FD461568AE580097AEE3 /* ViewController.xib in Resources */,
			);
			runOnlyForDeploymentPostprocessing = 0;
		};
/* End PBXResourcesBuildPhase section */

/* Begin PBXSourcesBuildPhase section */
		DCB1FD271568AE570097AEE3 /* Sources */ = {
			isa = PBXSourcesBuildPhase;
			buildActionMask = 2147483647;
			files = (
				DCB1FD3C1568AE580097AEE3 /* main.m in Sources */,
				DCB1FD401568AE580097AEE3 /* AppDelegate.m in Sources */,
				DCB1FD431568AE580097AEE3 /* ViewController.m in Sources */,
			);
			runOnlyForDeploymentPostprocessing = 0;
		};
/* End PBXSourcesBuildPhase section */

/* Begin PBXVariantGroup section */
		DCB1FD381568AE580097AEE3 /* InfoPlist.strings */ = {
			isa = PBXVariantGroup;
			children = (
				DCB1FD391568AE580097AEE3 /* en */,
			);
			name = InfoPlist.strings;
			sourceTree = "<group>";
		};
		DCB1FD441568AE580097AEE3 /* ViewController.xib */ = {
			isa = PBXVariantGroup;
			children = (
				DCB1FD451568AE580097AEE3 /* en */,
			);
			name = ViewController.xib;
			sourceTree = "<group>";
		};
/* End PBXVariantGroup section */

/* Begin XCBuildConfiguration section */
		DCB1FD471568AE580097AEE3 /* Debug */ = {
			isa = XCBuildConfiguration;
			buildSettings = {
				ALWAYS_SEARCH_USER_PATHS = NO;
				ARCHS = "$(ARCHS_STANDARD_32_BIT)";
				CLANG_ENABLE_OBJC_ARC = YES;
				"CODE_SIGN_IDENTITY[sdk=iphoneos*]" = "iPhone Developer";
				COPY_PHASE_STRIP = NO;
				GCC_C_LANGUAGE_STANDARD = gnu99;
				GCC_DYNAMIC_NO_PIC = NO;
				GCC_OPTIMIZATION_LEVEL = 0;
				GCC_PREPROCESSOR_DEFINITIONS = (
					"DEBUG=1",
					"$(inherited)",
				);
				GCC_SYMBOLS_PRIVATE_EXTERN = NO;
				GCC_VERSION = com.apple.compilers.llvm.clang.1_0;
				GCC_WARN_ABOUT_MISSING_PROTOTYPES = YES;
				GCC_WARN_ABOUT_RETURN_TYPE = YES;
				GCC_WARN_UNUSED_VARIABLE = YES;
				IPHONEOS_DEPLOYMENT_TARGET = 5.0;
				SDKROOT = iphoneos;
			};
			name = Debug;
		};
		DCB1FD481568AE580097AEE3 /* Release */ = {
			isa = XCBuildConfiguration;
			buildSettings = {
				ALWAYS_SEARCH_USER_PATHS = NO;
				ARCHS = "$(ARCHS_STANDARD_32_BIT)";
				CLANG_ENABLE_OBJC_ARC = YES;
				"CODE_SIGN_IDENTITY[sdk=iphoneos*]" = "iPhone Developer";
				COPY_PHASE_STRIP = YES;
				GCC_C_LANGUAGE_STANDARD = gnu99;
				GCC_VERSION = com.apple.compilers.llvm.clang.1_0;
				GCC_WARN_ABOUT_MISSING_PROTOTYPES = YES;
				GCC_WARN_ABOUT_RETURN_TYPE = YES;
				GCC_WARN_UNUSED_VARIABLE = YES;
				IPHONEOS_DEPLOYMENT_TARGET = 5.0;
				OTHER_CFLAGS = "-DNS_BLOCK_ASSERTIONS=1";
				SDKROOT = iphoneos;
				VALIDATE_PRODUCT = YES;
			};
			name = Release;
		};
		DCB1FD4A1568AE580097AEE3 /* Debug */ = {
			isa = XCBuildConfiguration;
			buildSettings = {
				GCC_PRECOMPILE_PREFIX_HEADER = YES;
				GCC_PREFIX_HEADER = "RPIMobile/RPIMobile-Prefix.pch";
				INFOPLIST_FILE = "RPIMobile/RPIMobile-Info.plist";
				PRODUCT_NAME = "$(TARGET_NAME)";
				WRAPPER_EXTENSION = app;
			};
			name = Debug;
		};
		DCB1FD4B1568AE580097AEE3 /* Release */ = {
			isa = XCBuildConfiguration;
			buildSettings = {
				GCC_PRECOMPILE_PREFIX_HEADER = YES;
				GCC_PREFIX_HEADER = "RPIMobile/RPIMobile-Prefix.pch";
				INFOPLIST_FILE = "RPIMobile/RPIMobile-Info.plist";
				PRODUCT_NAME = "$(TARGET_NAME)";
				WRAPPER_EXTENSION = app;
			};
			name = Release;
		};
/* End XCBuildConfiguration section */

/* Begin XCConfigurationList section */
		DCB1FD251568AE560097AEE3 /* Build configuration list for PBXProject "RPIMobile" */ = {
			isa = XCConfigurationList;
			buildConfigurations = (
				DCB1FD471568AE580097AEE3 /* Debug */,
				DCB1FD481568AE580097AEE3 /* Release */,
			);
			defaultConfigurationIsVisible = 0;
			defaultConfigurationName = Release;
		};
		DCB1FD491568AE580097AEE3 /* Build configuration list for PBXNativeTarget "RPIMobile" */ = {
			isa = XCConfigurationList;
			buildConfigurations = (
				DCB1FD4A1568AE580097AEE3 /* Debug */,
				DCB1FD4B1568AE580097AEE3 /* Release */,
			);
			defaultConfigurationIsVisible = 0;
		};
/* End XCConfigurationList section */
	};
	rootObject = DCB1FD221568AE560097AEE3 /* Project object */;
}
